# This file is autogenerated, do not edit; changes may be undone by the next 'dep ensure'.


[[projects]]
  branch = "master"
  name = "github.com/matryer/is"
  packages = ["."]
  revision = "c0323ceb4e996e4a8795670d1fb6f60e65b82fd2"

[solve-meta]
  analyzer-name = "dep"
  analyzer-version = 1
  inputs-digest = "016e2843e0c9ef08a690acc139a6303714fe1cd4f7bd9f2614770197f08fbf67"
  solver-name = "gps-cdcl"
  solver-version = 1
